
Microsoft Visual Studio Solution File, Format Version 12.00
# Visual Studio Version 17
VisualStudioVersion = 17.4.33122.133
MinimumVisualStudioVersion = 10.0.40219.1
Project("{FAE04EC0-301F-11D3-BF4B-00C04F79EFBC}") = "ProjectRealEstate", "ProjectRealEstate\ProjectRealEstate.csproj", "{F92AA16D-B666-4320-9E0B-3E52A1795F35}"
EndProject
Project("{FAE04EC0-301F-11D3-BF4B-00C04F79EFBC}") = "Core", "Core\Core.csproj", "{8351C4D8-E41D-4372-B9FF-470FA3FFE28F}"
EndProject
Project("{FAE04EC0-301F-11D3-BF4B-00C04F79EFBC}") = "DataAccess", "DataAccess\DataAccess.csproj", "{1AF1596B-D201-4493-994C-3F0FEFF9772C}"
EndProject
Project("{FAE04EC0-301F-11D3-BF4B-00C04F79EFBC}") = "Business", "Business\Business.csproj", "{3A441177-BAC4-4DC9-A7F5-531CD43E0CB7}"
EndProject
Project("{FAE04EC0-301F-11D3-BF4B-00C04F79EFBC}") = "Entities", "Entities\Entities.csproj", "{03C761F8-04FE-4F34-A33C-20E9D442DB44}"
EndProject
Global
	GlobalSection(SolutionConfigurationPlatforms) = preSolution
		Debug|Any CPU = Debug|Any CPU
		Release|Any CPU = Release|Any CPU
	EndGlobalSection
	GlobalSection(ProjectConfigurationPlatforms) = postSolution
		{F92AA16D-B666-4320-9E0B-3E52A1795F35}.Debug|Any CPU.ActiveCfg = Debug|Any CPU
		{F92AA16D-B666-4320-9E0B-3E52A1795F35}.Debug|Any CPU.Build.0 = Debug|Any CPU
		{F92AA16D-B666-4320-9E0B-3E52A1795F35}.Release|Any CPU.ActiveCfg = Release|Any CPU
		{F92AA16D-B666-4320-9E0B-3E52A1795F35}.Release|Any CPU.Build.0 = Release|Any CPU
		{8351C4D8-E41D-4372-B9FF-470FA3FFE28F}.Debug|Any CPU.ActiveCfg = Debug|Any CPU
		{8351C4D8-E41D-4372-B9FF-470FA3FFE28F}.Debug|Any CPU.Build.0 = Debug|Any CPU
		{8351C4D8-E41D-4372-B9FF-470FA3FFE28F}.Release|Any CPU.ActiveCfg = Release|Any CPU
		{8351C4D8-E41D-4372-B9FF-470FA3FFE28F}.Release|Any CPU.Build.0 = Release|Any CPU
		{1AF1596B-D201-4493-994C-3F0FEFF9772C}.Debug|Any CPU.ActiveCfg = Debug|Any CPU
		{1AF1596B-D201-4493-994C-3F0FEFF9772C}.Debug|Any CPU.Build.0 = Debug|Any CPU
		{1AF1596B-D201-4493-994C-3F0FEFF9772C}.Release|Any CPU.ActiveCfg = Release|Any CPU
		{1AF1596B-D201-4493-994C-3F0FEFF9772C}.Release|Any CPU.Build.0 = Release|Any CPU
		{3A441177-BAC4-4DC9-A7F5-531CD43E0CB7}.Debug|Any CPU.ActiveCfg = Debug|Any CPU
		{3A441177-BAC4-4DC9-A7F5-531CD43E0CB7}.Debug|Any CPU.Build.0 = Debug|Any CPU
		{3A441177-BAC4-4DC9-A7F5-531CD43E0CB7}.Release|Any CPU.ActiveCfg = Release|Any CPU
		{3A441177-BAC4-4DC9-A7F5-531CD43E0CB7}.Release|Any CPU.Build.0 = Release|Any CPU
		{03C761F8-04FE-4F34-A33C-20E9D442DB44}.Debug|Any CPU.ActiveCfg = Debug|Any CPU
		{03C761F8-04FE-4F34-A33C-20E9D442DB44}.Debug|Any CPU.Build.0 = Debug|Any CPU
		{03C761F8-04FE-4F34-A33C-20E9D442DB44}.Release|Any CPU.ActiveCfg = Release|Any CPU
		{03C761F8-04FE-4F34-A33C-20E9D442DB44}.Release|Any CPU.Build.0 = Release|Any CPU
	EndGlobalSection
	GlobalSection(SolutionProperties) = preSolution
		HideSolutionNode = FALSE
	EndGlobalSection
	GlobalSection(ExtensibilityGlobals) = postSolution
		SolutionGuid = {6C5A4BED-8BAE-41BD-89A0-9D31A9D7EF27}
	EndGlobalSection
EndGlobal
